
Microsoft Visual Studio Solution File, Format Version 12.00
# Visual Studio Version 16
VisualStudioVersion = 16.0.30104.148
MinimumVisualStudioVersion = 10.0.40219.1
Project("{FAE04EC0-301F-11D3-BF4B-00C04F79EFBC}") = "laba 5", "laba 5\laba 5.csproj", "{9842792B-3A7F-4103-B85D-31BDA3AE6F23}"
EndProject
Global
	GlobalSection(SolutionConfigurationPlatforms) = preSolution
		Debug|Any CPU = Debug|Any CPU
		Release|Any CPU = Release|Any CPU
	EndGlobalSection
	GlobalSection(ProjectConfigurationPlatforms) = postSolution
		{9842792B-3A7F-4103-B85D-31BDA3AE6F23}.Debug|Any CPU.ActiveCfg = Debug|Any CPU
		{9842792B-3A7F-4103-B85D-31BDA3AE6F23}.Debug|Any CPU.Build.0 = Debug|Any CPU
		{9842792B-3A7F-4103-B85D-31BDA3AE6F23}.Release|Any CPU.ActiveCfg = Release|Any CPU
		{9842792B-3A7F-4103-B85D-31BDA3AE6F23}.Release|Any CPU.Build.0 = Release|Any CPU
	EndGlobalSection
	GlobalSection(SolutionProperties) = preSolution
		HideSolutionNode = FALSE
	EndGlobalSection
	GlobalSection(ExtensibilityGlobals) = postSolution
		SolutionGuid = {78EAFE1F-A248-4E5C-8DEF-CB052BE6C548}
	EndGlobalSection
EndGlobal
